
Microsoft Visual Studio Solution File, Format Version 12.00
# Visual Studio Version 16
VisualStudioVersion = 25.0.1705.0
MinimumVisualStudioVersion = 10.0.40219.1
Project("{FAE04EC0-301F-11D3-BF4B-00C04F79EFBC}") = "Sheffield Car Park System", "Sheffield Car Park System.csproj", "{9AACD089-C5C2-46AD-A819-F68E5E004B85}"
EndProject
Global
	GlobalSection(SolutionConfigurationPlatforms) = preSolution
		Debug|Any CPU = Debug|Any CPU
		Release|Any CPU = Release|Any CPU
	EndGlobalSection
	GlobalSection(ProjectConfigurationPlatforms) = postSolution
		{9AACD089-C5C2-46AD-A819-F68E5E004B85}.Debug|Any CPU.ActiveCfg = Debug|Any CPU
		{9AACD089-C5C2-46AD-A819-F68E5E004B85}.Debug|Any CPU.Build.0 = Debug|Any CPU
		{9AACD089-C5C2-46AD-A819-F68E5E004B85}.Release|Any CPU.ActiveCfg = Release|Any CPU
		{9AACD089-C5C2-46AD-A819-F68E5E004B85}.Release|Any CPU.Build.0 = Release|Any CPU
	EndGlobalSection
	GlobalSection(SolutionProperties) = preSolution
		HideSolutionNode = FALSE
	EndGlobalSection
	GlobalSection(ExtensibilityGlobals) = postSolution
		SolutionGuid = {580001D1-DC45-42A7-89FF-9C9743FA3B06}
	EndGlobalSection
EndGlobal
